
Microsoft Visual Studio Solution File, Format Version 12.00
# Visual Studio Version 16
VisualStudioVersion = 16.0.31515.178
MinimumVisualStudioVersion = 10.0.40219.1
Project("{FAE04EC0-301F-11D3-BF4B-00C04F79EFBC}") = "Pathfinding", "Pathfinding\Pathfinding.csproj", "{EE6A8C27-0CD3-42C6-9714-0995F7D33545}"
EndProject
Project("{FAE04EC0-301F-11D3-BF4B-00C04F79EFBC}") = "MazeGenerator", "MazeGenerator\MazeGenerator.csproj", "{1EA9A679-C68B-4061-9A06-19C1A8BA9DB9}"
EndProject
Global
	GlobalSection(SolutionConfigurationPlatforms) = preSolution
		Debug|Any CPU = Debug|Any CPU
		Release|Any CPU = Release|Any CPU
	EndGlobalSection
	GlobalSection(ProjectConfigurationPlatforms) = postSolution
		{EE6A8C27-0CD3-42C6-9714-0995F7D33545}.Debug|Any CPU.ActiveCfg = Debug|Any CPU
		{EE6A8C27-0CD3-42C6-9714-0995F7D33545}.Debug|Any CPU.Build.0 = Debug|Any CPU
		{EE6A8C27-0CD3-42C6-9714-0995F7D33545}.Release|Any CPU.ActiveCfg = Release|Any CPU
		{EE6A8C27-0CD3-42C6-9714-0995F7D33545}.Release|Any CPU.Build.0 = Release|Any CPU
		{1EA9A679-C68B-4061-9A06-19C1A8BA9DB9}.Debug|Any CPU.ActiveCfg = Debug|Any CPU
		{1EA9A679-C68B-4061-9A06-19C1A8BA9DB9}.Debug|Any CPU.Build.0 = Debug|Any CPU
		{1EA9A679-C68B-4061-9A06-19C1A8BA9DB9}.Release|Any CPU.ActiveCfg = Release|Any CPU
		{1EA9A679-C68B-4061-9A06-19C1A8BA9DB9}.Release|Any CPU.Build.0 = Release|Any CPU
	EndGlobalSection
	GlobalSection(SolutionProperties) = preSolution
		HideSolutionNode = FALSE
	EndGlobalSection
	GlobalSection(ExtensibilityGlobals) = postSolution
		SolutionGuid = {B1C4CD9A-457D-4F4E-8733-D3B60D970D16}
	EndGlobalSection
EndGlobal
